// !$*UTF8*$!
{
	archiveVersion = 1;
	classes = {
	};
	objectVersion = 48;
	objects = {

/* Begin PBXBuildFile section */
		E30D27061F2BE58700AD9CA9 /* CSSFormatCommand.m in Sources */ = {isa = PBXBuildFile; fileRef = E30D27051F2BE58700AD9CA9 /* CSSFormatCommand.m */; };
		E30D27091F2EC08A00AD9CA9 /* cssprettyprint.c in Sources */ = {isa = PBXBuildFile; fileRef = E30D27071F2EC08A00AD9CA9 /* cssprettyprint.c */; };
		E33279991F1A7DFB00CE167A /* HTMLSourceEditorExtension.m in Sources */ = {isa = PBXBuildFile; fileRef = E33279981F1A7DFB00CE167A /* HTMLSourceEditorExtension.m */; };
		E332799C1F1A7DFB00CE167A /* HTMLTemplateCommand.m in Sources */ = {isa = PBXBuildFile; fileRef = E332799B1F1A7DFB00CE167A /* HTMLTemplateCommand.m */; };
		E33279A11F1A7DFB00CE167A /* HTML Tools.appex in Embed App Extensions */ = {isa = PBXBuildFile; fileRef = E33279941F1A7DFB00CE167A /* HTML Tools.appex */; settings = {ATTRIBUTES = (RemoveHeadersOnCopy, ); }; };
		E33279A71F1A89C000CE167A /* CSSPrefixCommand.m in Sources */ = {isa = PBXBuildFile; fileRef = E33279A61F1A89C000CE167A /* CSSPrefixCommand.m */; };
		E33279AA1F1A8A8C00CE167A /* CSSCommand.m in Sources */ = {isa = PBXBuildFile; fileRef = E33279A91F1A8A8C00CE167A /* CSSCommand.m */; };
		E33279B41F1A8E4300CE167A /* JSSourceEditorExtension.m in Sources */ = {isa = PBXBuildFile; fileRef = E33279B31F1A8E4300CE167A /* JSSourceEditorExtension.m */; };
		E33279B71F1A8E4300CE167A /* JSTemplateCommand.m in Sources */ = {isa = PBXBuildFile; fileRef = E33279B61F1A8E4300CE167A /* JSTemplateCommand.m */; };
		E33279BC1F1A8E4300CE167A /* JS Tools.appex in Embed App Extensions */ = {isa = PBXBuildFile; fileRef = E33279AF1F1A8E4300CE167A /* JS Tools.appex */; settings = {ATTRIBUTES = (RemoveHeadersOnCopy, ); }; };
		E33C84371F1D4CA600CB6283 /* InstructionViewController.m in Sources */ = {isa = PBXBuildFile; fileRef = E33C84361F1D4CA600CB6283 /* InstructionViewController.m */; };
		E347703F1F278C930047CE77 /* JSCustomElementCommand.m in Sources */ = {isa = PBXBuildFile; fileRef = E347703E1F278C930047CE77 /* JSCustomElementCommand.m */; };
		E348F1261F1A6FDF0057D6DA /* AppDelegate.m in Sources */ = {isa = PBXBuildFile; fileRef = E348F1251F1A6FDF0057D6DA /* AppDelegate.m */; };
		E348F1291F1A6FDF0057D6DA /* InstructionsPageController.m in Sources */ = {isa = PBXBuildFile; fileRef = E348F1281F1A6FDF0057D6DA /* InstructionsPageController.m */; };
		E348F12B1F1A6FDF0057D6DA /* Assets.xcassets in Resources */ = {isa = PBXBuildFile; fileRef = E348F12A1F1A6FDF0057D6DA /* Assets.xcassets */; };
		E348F12E1F1A6FDF0057D6DA /* Main.storyboard in Resources */ = {isa = PBXBuildFile; fileRef = E348F12C1F1A6FDF0057D6DA /* Main.storyboard */; };
		E348F1311F1A6FDF0057D6DA /* main.m in Sources */ = {isa = PBXBuildFile; fileRef = E348F1301F1A6FDF0057D6DA /* main.m */; };
		E348F14B1F1A6FF00057D6DA /* CSS Tools.appex in Embed App Extensions */ = {isa = PBXBuildFile; fileRef = E348F13C1F1A6FF00057D6DA /* CSS Tools.appex */; settings = {ATTRIBUTES = (RemoveHeadersOnCopy, ); }; };
		E348F1541F1A70C50057D6DA /* CSSSourceEditorExtension.m in Sources */ = {isa = PBXBuildFile; fileRef = E348F1521F1A703D0057D6DA /* CSSSourceEditorExtension.m */; };
		E348F1551F1A70C50057D6DA /* CSSVariableCommand.m in Sources */ = {isa = PBXBuildFile; fileRef = E348F1501F1A703D0057D6DA /* CSSVariableCommand.m */; };
		E34B04901F1F9E2C00CE1660 /* Instruction.m in Sources */ = {isa = PBXBuildFile; fileRef = E34B048F1F1F9E2C00CE1660 /* Instruction.m */; };
		E39111961F21A7410042B320 /* Localizable.strings in Resources */ = {isa = PBXBuildFile; fileRef = E39111941F21A7410042B320 /* Localizable.strings */; };
		E39F16EB1F1BFDB600FDC12F /* HTMLCommand.m in Sources */ = {isa = PBXBuildFile; fileRef = E39F16EA1F1BFDB600FDC12F /* HTMLCommand.m */; };
		E3A8633B1F1BCB2B003B3645 /* CSSQueryCommand.m in Sources */ = {isa = PBXBuildFile; fileRef = E3A8633A1F1BCB2B003B3645 /* CSSQueryCommand.m */; };
		E3F39E5A1F1CF5FF0027EEC7 /* JSCommand.m in Sources */ = {isa = PBXBuildFile; fileRef = E3F39E591F1CF5FF0027EEC7 /* JSCommand.m */; };
/* End PBXBuildFile section */

/* Begin PBXContainerItemProxy section */
		E332799F1F1A7DFB00CE167A /* PBXContainerItemProxy */ = {
			isa = PBXContainerItemProxy;
			containerPortal = E348F1191F1A6FDF0057D6DA /* Project object */;
			proxyType = 1;
			remoteGlobalIDString = E33279931F1A7DFB00CE167A;
			remoteInfo = "HTML Tools";
		};
		E33279BA1F1A8E4300CE167A /* PBXContainerItemProxy */ = {
			isa = PBXContainerItemProxy;
			containerPortal = E348F1191F1A6FDF0057D6DA /* Project object */;
			proxyType = 1;
			remoteGlobalIDString = E33279AE1F1A8E4300CE167A;
			remoteInfo = "JS Tools";
		};
		E348F1491F1A6FF00057D6DA /* PBXContainerItemProxy */ = {
			isa = PBXContainerItemProxy;
			containerPortal = E348F1191F1A6FDF0057D6DA /* Project object */;
			proxyType = 1;
			remoteGlobalIDString = E348F13B1F1A6FF00057D6DA;
			remoteInfo = "CSS Tools";
		};
/* End PBXContainerItemProxy section */

/* Begin PBXCopyFilesBuildPhase section */
		E348F14F1F1A6FF00057D6DA /* Embed App Extensions */ = {
			isa = PBXCopyFilesBuildPhase;
			buildActionMask = 2147483647;
			dstPath = "";
			dstSubfolderSpec = 13;
			files = (
				E33279A11F1A7DFB00CE167A /* HTML Tools.appex in Embed App Extensions */,
				E33279BC1F1A8E4300CE167A /* JS Tools.appex in Embed App Extensions */,
				E348F14B1F1A6FF00057D6DA /* CSS Tools.appex in Embed App Extensions */,
			);
			name = "Embed App Extensions";
			runOnlyForDeploymentPostprocessing = 0;
		};
/* End PBXCopyFilesBuildPhase section */

/* Begin PBXFileReference section */
		E30D27041F2BE58700AD9CA9 /* CSSFormatCommand.h */ = {isa = PBXFileReference; fileEncoding = 4; lastKnownFileType = sourcecode.c.h; path = CSSFormatCommand.h; sourceTree = "<group>"; };
		E30D27051F2BE58700AD9CA9 /* CSSFormatCommand.m */ = {isa = PBXFileReference; fileEncoding = 4; lastKnownFileType = sourcecode.c.objc; path = CSSFormatCommand.m; sourceTree = "<group>"; };
		E30D27071F2EC08A00AD9CA9 /* cssprettyprint.c */ = {isa = PBXFileReference; fileEncoding = 4; lastKnownFileType = sourcecode.c.c; path = cssprettyprint.c; sourceTree = "<group>"; };
		E30D27081F2EC08A00AD9CA9 /* cssprettyprint.h */ = {isa = PBXFileReference; fileEncoding = 4; lastKnownFileType = sourcecode.c.h; path = cssprettyprint.h; sourceTree = "<group>"; };
		E33279941F1A7DFB00CE167A /* HTML Tools.appex */ = {isa = PBXFileReference; explicitFileType = "wrapper.app-extension"; includeInIndex = 0; path = "HTML Tools.appex"; sourceTree = BUILT_PRODUCTS_DIR; };
		E33279971F1A7DFB00CE167A /* HTMLSourceEditorExtension.h */ = {isa = PBXFileReference; lastKnownFileType = sourcecode.c.h; path = HTMLSourceEditorExtension.h; sourceTree = "<group>"; };
		E33279981F1A7DFB00CE167A /* HTMLSourceEditorExtension.m */ = {isa = PBXFileReference; lastKnownFileType = sourcecode.c.objc; path = HTMLSourceEditorExtension.m; sourceTree = "<group>"; };
		E332799A1F1A7DFB00CE167A /* HTMLTemplateCommand.h */ = {isa = PBXFileReference; lastKnownFileType = sourcecode.c.h; path = HTMLTemplateCommand.h; sourceTree = "<group>"; };
		E332799B1F1A7DFB00CE167A /* HTMLTemplateCommand.m */ = {isa = PBXFileReference; lastKnownFileType = sourcecode.c.objc; path = HTMLTemplateCommand.m; sourceTree = "<group>"; };
		E332799D1F1A7DFB00CE167A /* Info.plist */ = {isa = PBXFileReference; lastKnownFileType = text.plist.xml; path = Info.plist; sourceTree = "<group>"; };
		E332799E1F1A7DFB00CE167A /* HTML_Tools.entitlements */ = {isa = PBXFileReference; lastKnownFileType = text.plist.entitlements; path = HTML_Tools.entitlements; sourceTree = "<group>"; };
		E33279A51F1A89C000CE167A /* CSSPrefixCommand.h */ = {isa = PBXFileReference; lastKnownFileType = sourcecode.c.h; path = CSSPrefixCommand.h; sourceTree = "<group>"; };
		E33279A61F1A89C000CE167A /* CSSPrefixCommand.m */ = {isa = PBXFileReference; lastKnownFileType = sourcecode.c.objc; path = CSSPrefixCommand.m; sourceTree = "<group>"; };
		E33279A81F1A8A8C00CE167A /* CSSCommand.h */ = {isa = PBXFileReference; lastKnownFileType = sourcecode.c.h; path = CSSCommand.h; sourceTree = "<group>"; };
		E33279A91F1A8A8C00CE167A /* CSSCommand.m */ = {isa = PBXFileReference; lastKnownFileType = sourcecode.c.objc; path = CSSCommand.m; sourceTree = "<group>"; };
		E33279AF1F1A8E4300CE167A /* JS Tools.appex */ = {isa = PBXFileReference; explicitFileType = "wrapper.app-extension"; includeInIndex = 0; path = "JS Tools.appex"; sourceTree = BUILT_PRODUCTS_DIR; };
		E33279B21F1A8E4300CE167A /* JSSourceEditorExtension.h */ = {isa = PBXFileReference; lastKnownFileType = sourcecode.c.h; path = JSSourceEditorExtension.h; sourceTree = "<group>"; };
		E33279B31F1A8E4300CE167A /* JSSourceEditorExtension.m */ = {isa = PBXFileReference; lastKnownFileType = sourcecode.c.objc; path = JSSourceEditorExtension.m; sourceTree = "<group>"; };
		E33279B51F1A8E4300CE167A /* JSTemplateCommand.h */ = {isa = PBXFileReference; lastKnownFileType = sourcecode.c.h; path = JSTemplateCommand.h; sourceTree = "<group>"; };
		E33279B61F1A8E4300CE167A /* JSTemplateCommand.m */ = {isa = PBXFileReference; lastKnownFileType = sourcecode.c.objc; path = JSTemplateCommand.m; sourceTree = "<group>"; };
		E33279B81F1A8E4300CE167A /* Info.plist */ = {isa = PBXFileReference; lastKnownFileType = text.plist.xml; path = Info.plist; sourceTree = "<group>"; };
		E33279B91F1A8E4300CE167A /* JS_Tools.entitlements */ = {isa = PBXFileReference; lastKnownFileType = text.plist.entitlements; path = JS_Tools.entitlements; sourceTree = "<group>"; };
		E33C84351F1D4CA600CB6283 /* InstructionViewController.h */ = {isa = PBXFileReference; fileEncoding = 4; lastKnownFileType = sourcecode.c.h; path = InstructionViewController.h; sourceTree = "<group>"; };
		E33C84361F1D4CA600CB6283 /* InstructionViewController.m */ = {isa = PBXFileReference; fileEncoding = 4; lastKnownFileType = sourcecode.c.objc; path = InstructionViewController.m; sourceTree = "<group>"; };
		E347703D1F278C930047CE77 /* JSCustomElementCommand.h */ = {isa = PBXFileReference; fileEncoding = 4; lastKnownFileType = sourcecode.c.h; path = JSCustomElementCommand.h; sourceTree = "<group>"; };
		E347703E1F278C930047CE77 /* JSCustomElementCommand.m */ = {isa = PBXFileReference; fileEncoding = 4; lastKnownFileType = sourcecode.c.objc; path = JSCustomElementCommand.m; sourceTree = "<group>"; };
		E348F1211F1A6FDF0057D6DA /* WebTools.app */ = {isa = PBXFileReference; explicitFileType = wrapper.application; includeInIndex = 0; path = WebTools.app; sourceTree = BUILT_PRODUCTS_DIR; };
		E348F1241F1A6FDF0057D6DA /* AppDelegate.h */ = {isa = PBXFileReference; lastKnownFileType = sourcecode.c.h; path = AppDelegate.h; sourceTree = "<group>"; };
		E348F1251F1A6FDF0057D6DA /* AppDelegate.m */ = {isa = PBXFileReference; lastKnownFileType = sourcecode.c.objc; path = AppDelegate.m; sourceTree = "<group>"; };
		E348F1271F1A6FDF0057D6DA /* InstructionsPageController.h */ = {isa = PBXFileReference; lastKnownFileType = sourcecode.c.h; path = InstructionsPageController.h; sourceTree = "<group>"; };
		E348F1281F1A6FDF0057D6DA /* InstructionsPageController.m */ = {isa = PBXFileReference; lastKnownFileType = sourcecode.c.objc; path = InstructionsPageController.m; sourceTree = "<group>"; };
		E348F12A1F1A6FDF0057D6DA /* Assets.xcassets */ = {isa = PBXFileReference; lastKnownFileType = folder.assetcatalog; path = Assets.xcassets; sourceTree = "<group>"; };
		E348F12D1F1A6FDF0057D6DA /* Base */ = {isa = PBXFileReference; lastKnownFileType = file.storyboard; name = Base; path = Base.lproj/Main.storyboard; sourceTree = "<group>"; };
		E348F12F1F1A6FDF0057D6DA /* Info.plist */ = {isa = PBXFileReference; lastKnownFileType = text.plist.xml; path = Info.plist; sourceTree = "<group>"; };
		E348F1301F1A6FDF0057D6DA /* main.m */ = {isa = PBXFileReference; lastKnownFileType = sourcecode.c.objc; path = main.m; sourceTree = "<group>"; };
		E348F1321F1A6FDF0057D6DA /* WebTools.entitlements */ = {isa = PBXFileReference; lastKnownFileType = text.plist.entitlements; path = WebTools.entitlements; sourceTree = "<group>"; };
		E348F13C1F1A6FF00057D6DA /* CSS Tools.appex */ = {isa = PBXFileReference; explicitFileType = "wrapper.app-extension"; includeInIndex = 0; path = "CSS Tools.appex"; sourceTree = BUILT_PRODUCTS_DIR; };
		E348F13E1F1A6FF00057D6DA /* Cocoa.framework */ = {isa = PBXFileReference; lastKnownFileType = wrapper.framework; name = Cocoa.framework; path = System/Library/Frameworks/Cocoa.framework; sourceTree = SDKROOT; };
		E348F1471F1A6FF00057D6DA /* Info.plist */ = {isa = PBXFileReference; lastKnownFileType = text.plist.xml; path = Info.plist; sourceTree = "<group>"; };
		E348F1481F1A6FF00057D6DA /* CSS_Tools.entitlements */ = {isa = PBXFileReference; lastKnownFileType = text.plist.entitlements; path = CSS_Tools.entitlements; sourceTree = "<group>"; };
		E348F1501F1A703D0057D6DA /* CSSVariableCommand.m */ = {isa = PBXFileReference; lastKnownFileType = sourcecode.c.objc; path = CSSVariableCommand.m; sourceTree = "<group>"; };
		E348F1511F1A703D0057D6DA /* CSSVariableCommand.h */ = {isa = PBXFileReference; lastKnownFileType = sourcecode.c.h; path = CSSVariableCommand.h; sourceTree = "<group>"; };
		E348F1521F1A703D0057D6DA /* CSSSourceEditorExtension.m */ = {isa = PBXFileReference; lastKnownFileType = sourcecode.c.objc; path = CSSSourceEditorExtension.m; sourceTree = "<group>"; };
		E348F1531F1A703D0057D6DA /* CSSSourceEditorExtension.h */ = {isa = PBXFileReference; lastKnownFileType = sourcecode.c.h; path = CSSSourceEditorExtension.h; sourceTree = "<group>"; };
		E34B048E1F1F9E2C00CE1660 /* Instruction.h */ = {isa = PBXFileReference; fileEncoding = 4; lastKnownFileType = sourcecode.c.h; path = Instruction.h; sourceTree = "<group>"; };
		E34B048F1F1F9E2C00CE1660 /* Instruction.m */ = {isa = PBXFileReference; fileEncoding = 4; lastKnownFileType = sourcecode.c.objc; path = Instruction.m; sourceTree = "<group>"; };
		E39111951F21A7410042B320 /* en */ = {isa = PBXFileReference; fileEncoding = 4; lastKnownFileType = text.plist.strings; name = en; path = Localizable.strings; sourceTree = "<group>"; };
		E39F16E91F1BFDB600FDC12F /* HTMLCommand.h */ = {isa = PBXFileReference; lastKnownFileType = sourcecode.c.h; path = HTMLCommand.h; sourceTree = "<group>"; };
		E39F16EA1F1BFDB600FDC12F /* HTMLCommand.m */ = {isa = PBXFileReference; lastKnownFileType = sourcecode.c.objc; path = HTMLCommand.m; sourceTree = "<group>"; };
		E3A863391F1BCB2B003B3645 /* CSSQueryCommand.h */ = {isa = PBXFileReference; lastKnownFileType = sourcecode.c.h; path = CSSQueryCommand.h; sourceTree = "<group>"; };
		E3A8633A1F1BCB2B003B3645 /* CSSQueryCommand.m */ = {isa = PBXFileReference; lastKnownFileType = sourcecode.c.objc; path = CSSQueryCommand.m; sourceTree = "<group>"; };
		E3F39E581F1CF5FF0027EEC7 /* JSCommand.h */ = {isa = PBXFileReference; fileEncoding = 4; lastKnownFileType = sourcecode.c.h; path = JSCommand.h; sourceTree = "<group>"; };
		E3F39E591F1CF5FF0027EEC7 /* JSCommand.m */ = {isa = PBXFileReference; fileEncoding = 4; lastKnownFileType = sourcecode.c.objc; path = JSCommand.m; sourceTree = "<group>"; };
/* End PBXFileReference section */

/* Begin PBXFrameworksBuildPhase section */
		E33279911F1A7DFB00CE167A /* Frameworks */ = {
			isa = PBXFrameworksBuildPhase;
			buildActionMask = 2147483647;
			files = (
			);
			runOnlyForDeploymentPostprocessing = 0;
		};
		E33279AC1F1A8E4300CE167A /* Frameworks */ = {
			isa = PBXFrameworksBuildPhase;
			buildActionMask = 2147483647;
			files = (
			);
			runOnlyForDeploymentPostprocessing = 0;
		};
		E348F11E1F1A6FDF0057D6DA /* Frameworks */ = {
			isa = PBXFrameworksBuildPhase;
			buildActionMask = 2147483647;
			files = (
			);
			runOnlyForDeploymentPostprocessing = 0;
		};
		E348F1391F1A6FF00057D6DA /* Frameworks */ = {
			isa = PBXFrameworksBuildPhase;
			buildActionMask = 2147483647;
			files = (
			);
			runOnlyForDeploymentPostprocessing = 0;
		};
/* End PBXFrameworksBuildPhase section */

/* Begin PBXGroup section */
		E33279961F1A7DFB00CE167A /* HTML Tools */ = {
			isa = PBXGroup;
			children = (
				E33279971F1A7DFB00CE167A /* HTMLSourceEditorExtension.h */,
				E33279981F1A7DFB00CE167A /* HTMLSourceEditorExtension.m */,
				E39F16E91F1BFDB600FDC12F /* HTMLCommand.h */,
				E39F16EA1F1BFDB600FDC12F /* HTMLCommand.m */,
				E332799A1F1A7DFB00CE167A /* HTMLTemplateCommand.h */,
				E332799B1F1A7DFB00CE167A /* HTMLTemplateCommand.m */,
				E332799D1F1A7DFB00CE167A /* Info.plist */,
				E332799E1F1A7DFB00CE167A /* HTML_Tools.entitlements */,
			);
			path = "HTML Tools";
			sourceTree = "<group>";
		};
		E33279B11F1A8E4300CE167A /* JS Tools */ = {
			isa = PBXGroup;
			children = (
				E33279B21F1A8E4300CE167A /* JSSourceEditorExtension.h */,
				E33279B31F1A8E4300CE167A /* JSSourceEditorExtension.m */,
				E3F39E581F1CF5FF0027EEC7 /* JSCommand.h */,
				E3F39E591F1CF5FF0027EEC7 /* JSCommand.m */,
				E33279B51F1A8E4300CE167A /* JSTemplateCommand.h */,
				E33279B61F1A8E4300CE167A /* JSTemplateCommand.m */,
				E347703D1F278C930047CE77 /* JSCustomElementCommand.h */,
				E347703E1F278C930047CE77 /* JSCustomElementCommand.m */,
				E33279B81F1A8E4300CE167A /* Info.plist */,
				E33279B91F1A8E4300CE167A /* JS_Tools.entitlements */,
			);
			path = "JS Tools";
			sourceTree = "<group>";
		};
		E348F1181F1A6FDF0057D6DA = {
			isa = PBXGroup;
			children = (
				E348F1231F1A6FDF0057D6DA /* WebTools */,
				E348F1401F1A6FF00057D6DA /* CSS Tools */,
				E33279961F1A7DFB00CE167A /* HTML Tools */,
				E33279B11F1A8E4300CE167A /* JS Tools */,
				E348F13D1F1A6FF00057D6DA /* Frameworks */,
				E348F1221F1A6FDF0057D6DA /* Products */,
			);
			sourceTree = "<group>";
		};
		E348F1221F1A6FDF0057D6DA /* Products */ = {
			isa = PBXGroup;
			children = (
				E348F1211F1A6FDF0057D6DA /* WebTools.app */,
				E348F13C1F1A6FF00057D6DA /* CSS Tools.appex */,
				E33279941F1A7DFB00CE167A /* HTML Tools.appex */,
				E33279AF1F1A8E4300CE167A /* JS Tools.appex */,
			);
			name = Products;
			sourceTree = "<group>";
		};
		E348F1231F1A6FDF0057D6DA /* WebTools */ = {
			isa = PBXGroup;
			children = (
				E348F1241F1A6FDF0057D6DA /* AppDelegate.h */,
				E348F1251F1A6FDF0057D6DA /* AppDelegate.m */,
				E34B048E1F1F9E2C00CE1660 /* Instruction.h */,
				E34B048F1F1F9E2C00CE1660 /* Instruction.m */,
				E348F1271F1A6FDF0057D6DA /* InstructionsPageController.h */,
				E348F1281F1A6FDF0057D6DA /* InstructionsPageController.m */,
				E33C84351F1D4CA600CB6283 /* InstructionViewController.h */,
				E33C84361F1D4CA600CB6283 /* InstructionViewController.m */,
				E348F12A1F1A6FDF0057D6DA /* Assets.xcassets */,
				E348F12C1F1A6FDF0057D6DA /* Main.storyboard */,
				E39111931F21A7410042B320 /* en.lproj */,
				E348F12F1F1A6FDF0057D6DA /* Info.plist */,
				E348F1301F1A6FDF0057D6DA /* main.m */,
				E348F1321F1A6FDF0057D6DA /* WebTools.entitlements */,
			);
			path = WebTools;
			sourceTree = "<group>";
		};
		E348F13D1F1A6FF00057D6DA /* Frameworks */ = {
			isa = PBXGroup;
			children = (
				E348F13E1F1A6FF00057D6DA /* Cocoa.framework */,
			);
			name = Frameworks;
			sourceTree = "<group>";
		};
		E348F1401F1A6FF00057D6DA /* CSS Tools */ = {
			isa = PBXGroup;
			children = (
				E348F1531F1A703D0057D6DA /* CSSSourceEditorExtension.h */,
				E348F1521F1A703D0057D6DA /* CSSSourceEditorExtension.m */,
				E33279A81F1A8A8C00CE167A /* CSSCommand.h */,
				E33279A91F1A8A8C00CE167A /* CSSCommand.m */,
				E348F1511F1A703D0057D6DA /* CSSVariableCommand.h */,
				E348F1501F1A703D0057D6DA /* CSSVariableCommand.m */,
				E3A863391F1BCB2B003B3645 /* CSSQueryCommand.h */,
				E3A8633A1F1BCB2B003B3645 /* CSSQueryCommand.m */,
				E33279A51F1A89C000CE167A /* CSSPrefixCommand.h */,
				E33279A61F1A89C000CE167A /* CSSPrefixCommand.m */,
				E30D27041F2BE58700AD9CA9 /* CSSFormatCommand.h */,
				E30D27051F2BE58700AD9CA9 /* CSSFormatCommand.m */,
				E30D27081F2EC08A00AD9CA9 /* cssprettyprint.h */,
				E30D27071F2EC08A00AD9CA9 /* cssprettyprint.c */,
				E348F1471F1A6FF00057D6DA /* Info.plist */,
				E348F1481F1A6FF00057D6DA /* CSS_Tools.entitlements */,
			);
			path = "CSS Tools";
			sourceTree = "<group>";
		};
		E39111931F21A7410042B320 /* en.lproj */ = {
			isa = PBXGroup;
			children = (
				E39111941F21A7410042B320 /* Localizable.strings */,
			);
			path = en.lproj;
			sourceTree = "<group>";
		};
/* End PBXGroup section */

/* Begin PBXNativeTarget section */
		E33279931F1A7DFB00CE167A /* HTML Tools */ = {
			isa = PBXNativeTarget;
			buildConfigurationList = E33279A41F1A7DFB00CE167A /* Build configuration list for PBXNativeTarget "HTML Tools" */;
			buildPhases = (
				E33279901F1A7DFB00CE167A /* Sources */,
				E33279911F1A7DFB00CE167A /* Frameworks */,
				E33279921F1A7DFB00CE167A /* Resources */,
			);
			buildRules = (
			);
			dependencies = (
			);
			name = "HTML Tools";
			productName = "HTML Tools";
			productReference = E33279941F1A7DFB00CE167A /* HTML Tools.appex */;
			productType = "com.apple.product-type.xcode-extension";
		};
		E33279AE1F1A8E4300CE167A /* JS Tools */ = {
			isa = PBXNativeTarget;
			buildConfigurationList = E33279BD1F1A8E4400CE167A /* Build configuration list for PBXNativeTarget "JS Tools" */;
			buildPhases = (
				E33279AB1F1A8E4300CE167A /* Sources */,
				E33279AC1F1A8E4300CE167A /* Frameworks */,
				E33279AD1F1A8E4300CE167A /* Resources */,
			);
			buildRules = (
			);
			dependencies = (
			);
			name = "JS Tools";
			productName = "JS Tools";
			productReference = E33279AF1F1A8E4300CE167A /* JS Tools.appex */;
			productType = "com.apple.product-type.xcode-extension";
		};
		E348F1201F1A6FDF0057D6DA /* WebTools */ = {
			isa = PBXNativeTarget;
			buildConfigurationList = E348F1351F1A6FDF0057D6DA /* Build configuration list for PBXNativeTarget "WebTools" */;
			buildPhases = (
				E348F11D1F1A6FDF0057D6DA /* Sources */,
				E348F11E1F1A6FDF0057D6DA /* Frameworks */,
				E348F11F1F1A6FDF0057D6DA /* Resources */,
				E348F14F1F1A6FF00057D6DA /* Embed App Extensions */,
			);
			buildRules = (
			);
			dependencies = (
				E348F14A1F1A6FF00057D6DA /* PBXTargetDependency */,
				E33279A01F1A7DFB00CE167A /* PBXTargetDependency */,
				E33279BB1F1A8E4300CE167A /* PBXTargetDependency */,
			);
			name = WebTools;
			productName = WebTools;
			productReference = E348F1211F1A6FDF0057D6DA /* WebTools.app */;
			productType = "com.apple.product-type.application";
		};
		E348F13B1F1A6FF00057D6DA /* CSS Tools */ = {
			isa = PBXNativeTarget;
			buildConfigurationList = E348F14C1F1A6FF00057D6DA /* Build configuration list for PBXNativeTarget "CSS Tools" */;
			buildPhases = (
				E348F1381F1A6FF00057D6DA /* Sources */,
				E348F1391F1A6FF00057D6DA /* Frameworks */,
				E348F13A1F1A6FF00057D6DA /* Resources */,
			);
			buildRules = (
			);
			dependencies = (
			);
			name = "CSS Tools";
			productName = "CSS Tools";
			productReference = E348F13C1F1A6FF00057D6DA /* CSS Tools.appex */;
			productType = "com.apple.product-type.xcode-extension";
		};
/* End PBXNativeTarget section */

/* Begin PBXProject section */
		E348F1191F1A6FDF0057D6DA /* Project object */ = {
			isa = PBXProject;
			attributes = {
				LastUpgradeCheck = 0900;
				ORGANIZATIONNAME = dstrokis;
				TargetAttributes = {
					E33279931F1A7DFB00CE167A = {
						CreatedOnToolsVersion = 9.0;
						SystemCapabilities = {
							com.apple.iCloud = {
								enabled = 0;
							};
						};
					};
					E33279AE1F1A8E4300CE167A = {
						CreatedOnToolsVersion = 9.0;
					};
					E348F1201F1A6FDF0057D6DA = {
						CreatedOnToolsVersion = 9.0;
					};
					E348F13B1F1A6FF00057D6DA = {
						CreatedOnToolsVersion = 9.0;
						SystemCapabilities = {
							com.apple.Sandbox = {
								enabled = 1;
							};
							com.apple.iCloud = {
								enabled = 0;
							};
						};
					};
				};
			};
			buildConfigurationList = E348F11C1F1A6FDF0057D6DA /* Build configuration list for PBXProject "WebTools" */;
			compatibilityVersion = "Xcode 8.0";
			developmentRegion = en;
			hasScannedForEncodings = 0;
			knownRegions = (
				en,
				Base,
			);
			mainGroup = E348F1181F1A6FDF0057D6DA;
			productRefGroup = E348F1221F1A6FDF0057D6DA /* Products */;
			projectDirPath = "";
			projectRoot = "";
			targets = (
				E348F1201F1A6FDF0057D6DA /* WebTools */,
				E348F13B1F1A6FF00057D6DA /* CSS Tools */,
				E33279931F1A7DFB00CE167A /* HTML Tools */,
				E33279AE1F1A8E4300CE167A /* JS Tools */,
			);
		};
/* End PBXProject section */

/* Begin PBXResourcesBuildPhase section */
		E33279921F1A7DFB00CE167A /* Resources */ = {
			isa = PBXResourcesBuildPhase;
			buildActionMask = 2147483647;
			files = (
			);
			runOnlyForDeploymentPostprocessing = 0;
		};
		E33279AD1F1A8E4300CE167A /* Resources */ = {
			isa = PBXResourcesBuildPhase;
			buildActionMask = 2147483647;
			files = (
			);
			runOnlyForDeploymentPostprocessing = 0;
		};
		E348F11F1F1A6FDF0057D6DA /* Resources */ = {
			isa = PBXResourcesBuildPhase;
			buildActionMask = 2147483647;
			files = (
				E348F12B1F1A6FDF0057D6DA /* Assets.xcassets in Resources */,
				E39111961F21A7410042B320 /* Localizable.strings in Resources */,
				E348F12E1F1A6FDF0057D6DA /* Main.storyboard in Resources */,
			);
			runOnlyForDeploymentPostprocessing = 0;
		};
		E348F13A1F1A6FF00057D6DA /* Resources */ = {
			isa = PBXResourcesBuildPhase;
			buildActionMask = 2147483647;
			files = (
			);
			runOnlyForDeploymentPostprocessing = 0;
		};
/* End PBXResourcesBuildPhase section */

/* Begin PBXSourcesBuildPhase section */
		E33279901F1A7DFB00CE167A /* Sources */ = {
			isa = PBXSourcesBuildPhase;
			buildActionMask = 2147483647;
			files = (
				E39F16EB1F1BFDB600FDC12F /* HTMLCommand.m in Sources */,
				E33279991F1A7DFB00CE167A /* HTMLSourceEditorExtension.m in Sources */,
				E332799C1F1A7DFB00CE167A /* HTMLTemplateCommand.m in Sources */,
			);
			runOnlyForDeploymentPostprocessing = 0;
		};
		E33279AB1F1A8E4300CE167A /* Sources */ = {
			isa = PBXSourcesBuildPhase;
			buildActionMask = 2147483647;
			files = (
				E347703F1F278C930047CE77 /* JSCustomElementCommand.m in Sources */,
				E3F39E5A1F1CF5FF0027EEC7 /* JSCommand.m in Sources */,
				E33279B41F1A8E4300CE167A /* JSSourceEditorExtension.m in Sources */,
				E33279B71F1A8E4300CE167A /* JSTemplateCommand.m in Sources */,
			);
			runOnlyForDeploymentPostprocessing = 0;
		};
		E348F11D1F1A6FDF0057D6DA /* Sources */ = {
			isa = PBXSourcesBuildPhase;
			buildActionMask = 2147483647;
			files = (
				E348F1291F1A6FDF0057D6DA /* InstructionsPageController.m in Sources */,
				E348F1311F1A6FDF0057D6DA /* main.m in Sources */,
				E348F1261F1A6FDF0057D6DA /* AppDelegate.m in Sources */,
				E33C84371F1D4CA600CB6283 /* InstructionViewController.m in Sources */,
				E34B04901F1F9E2C00CE1660 /* Instruction.m in Sources */,
			);
			runOnlyForDeploymentPostprocessing = 0;
		};
		E348F1381F1A6FF00057D6DA /* Sources */ = {
			isa = PBXSourcesBuildPhase;
			buildActionMask = 2147483647;
			files = (
				E30D27091F2EC08A00AD9CA9 /* cssprettyprint.c in Sources */,
				E348F1541F1A70C50057D6DA /* CSSSourceEditorExtension.m in Sources */,
				E348F1551F1A70C50057D6DA /* CSSVariableCommand.m in Sources */,
				E30D27061F2BE58700AD9CA9 /* CSSFormatCommand.m in Sources */,
				E3A8633B1F1BCB2B003B3645 /* CSSQueryCommand.m in Sources */,
				E33279A71F1A89C000CE167A /* CSSPrefixCommand.m in Sources */,
				E33279AA1F1A8A8C00CE167A /* CSSCommand.m in Sources */,
			);
			runOnlyForDeploymentPostprocessing = 0;
		};
/* End PBXSourcesBuildPhase section */

/* Begin PBXTargetDependency section */
		E33279A01F1A7DFB00CE167A /* PBXTargetDependency */ = {
			isa = PBXTargetDependency;
			target = E33279931F1A7DFB00CE167A /* HTML Tools */;
			targetProxy = E332799F1F1A7DFB00CE167A /* PBXContainerItemProxy */;
		};
		E33279BB1F1A8E4300CE167A /* PBXTargetDependency */ = {
			isa = PBXTargetDependency;
			target = E33279AE1F1A8E4300CE167A /* JS Tools */;
			targetProxy = E33279BA1F1A8E4300CE167A /* PBXContainerItemProxy */;
		};
		E348F14A1F1A6FF00057D6DA /* PBXTargetDependency */ = {
			isa = PBXTargetDependency;
			target = E348F13B1F1A6FF00057D6DA /* CSS Tools */;
			targetProxy = E348F1491F1A6FF00057D6DA /* PBXContainerItemProxy */;
		};
/* End PBXTargetDependency section */

/* Begin PBXVariantGroup section */
		E348F12C1F1A6FDF0057D6DA /* Main.storyboard */ = {
			isa = PBXVariantGroup;
			children = (
				E348F12D1F1A6FDF0057D6DA /* Base */,
			);
			name = Main.storyboard;
			sourceTree = "<group>";
		};
		E39111941F21A7410042B320 /* Localizable.strings */ = {
			isa = PBXVariantGroup;
			children = (
				E39111951F21A7410042B320 /* en */,
			);
			name = Localizable.strings;
			sourceTree = "<group>";
		};
/* End PBXVariantGroup section */

/* Begin XCBuildConfiguration section */
		E33279A21F1A7DFB00CE167A /* Debug */ = {
			isa = XCBuildConfiguration;
			buildSettings = {
				CLANG_WARN_NON_LITERAL_NULL_CONVERSION = YES;
				CLANG_WARN_OBJC_LITERAL_CONVERSION = YES;
				CODE_SIGN_ENTITLEMENTS = "HTML Tools/HTML_Tools.entitlements";
				COMBINE_HIDPI_IMAGES = YES;
				DEVELOPMENT_TEAM = SWP5WTP5JJ;
				INFOPLIST_FILE = "HTML Tools/Info.plist";
				LD_RUNPATH_SEARCH_PATHS = "$(inherited) @executable_path/../Frameworks @executable_path/../../../../Frameworks";
				PRODUCT_BUNDLE_IDENTIFIER = "com.dstrokis.WebTools.HTML-Tools";
				PRODUCT_NAME = "$(TARGET_NAME)";
				SKIP_INSTALL = YES;
			};
			name = Debug;
		};
		E33279A31F1A7DFB00CE167A /* Release */ = {
			isa = XCBuildConfiguration;
			buildSettings = {
				CLANG_WARN_NON_LITERAL_NULL_CONVERSION = YES;
				CLANG_WARN_OBJC_LITERAL_CONVERSION = YES;
				CODE_SIGN_ENTITLEMENTS = "HTML Tools/HTML_Tools.entitlements";
				COMBINE_HIDPI_IMAGES = YES;
				DEVELOPMENT_TEAM = SWP5WTP5JJ;
				INFOPLIST_FILE = "HTML Tools/Info.plist";
				LD_RUNPATH_SEARCH_PATHS = "$(inherited) @executable_path/../Frameworks @executable_path/../../../../Frameworks";
				PRODUCT_BUNDLE_IDENTIFIER = "com.dstrokis.WebTools.HTML-Tools";
				PRODUCT_NAME = "$(TARGET_NAME)";
				SKIP_INSTALL = YES;
			};
			name = Release;
		};
		E33279BE1F1A8E4400CE167A /* Debug */ = {
			isa = XCBuildConfiguration;
			buildSettings = {
				CLANG_WARN_NON_LITERAL_NULL_CONVERSION = YES;
				CLANG_WARN_OBJC_LITERAL_CONVERSION = YES;
				CODE_SIGN_ENTITLEMENTS = "JS Tools/JS_Tools.entitlements";
				COMBINE_HIDPI_IMAGES = YES;
				DEVELOPMENT_TEAM = SWP5WTP5JJ;
				INFOPLIST_FILE = "JS Tools/Info.plist";
				LD_RUNPATH_SEARCH_PATHS = "$(inherited) @executable_path/../Frameworks @executable_path/../../../../Frameworks";
				PRODUCT_BUNDLE_IDENTIFIER = "com.dstrokis.WebTools.JS-Tools";
				PRODUCT_NAME = "$(TARGET_NAME)";
				SKIP_INSTALL = YES;
			};
			name = Debug;
		};
		E33279BF1F1A8E4400CE167A /* Release */ = {
			isa = XCBuildConfiguration;
			buildSettings = {
				CLANG_WARN_NON_LITERAL_NULL_CONVERSION = YES;
				CLANG_WARN_OBJC_LITERAL_CONVERSION = YES;
				CODE_SIGN_ENTITLEMENTS = "JS Tools/JS_Tools.entitlements";
				COMBINE_HIDPI_IMAGES = YES;
				DEVELOPMENT_TEAM = SWP5WTP5JJ;
				INFOPLIST_FILE = "JS Tools/Info.plist";
				LD_RUNPATH_SEARCH_PATHS = "$(inherited) @executable_path/../Frameworks @executable_path/../../../../Frameworks";
				PRODUCT_BUNDLE_IDENTIFIER = "com.dstrokis.WebTools.JS-Tools";
				PRODUCT_NAME = "$(TARGET_NAME)";
				SKIP_INSTALL = YES;
			};
			name = Release;
		};
		E348F1331F1A6FDF0057D6DA /* Debug */ = {
			isa = XCBuildConfiguration;
			buildSettings = {
				ALWAYS_SEARCH_USER_PATHS = NO;
				CLANG_ANALYZER_NONNULL = YES;
				CLANG_ANALYZER_NUMBER_OBJECT_CONVERSION = YES_AGGRESSIVE;
				CLANG_CXX_LANGUAGE_STANDARD = "gnu++14";
				CLANG_CXX_LIBRARY = "libc++";
				CLANG_ENABLE_MODULES = YES;
				CLANG_ENABLE_OBJC_ARC = YES;
				CLANG_WARN_BLOCK_CAPTURE_AUTORELEASING = YES;
				CLANG_WARN_BOOL_CONVERSION = YES;
				CLANG_WARN_COMMA = YES;
				CLANG_WARN_CONSTANT_CONVERSION = YES;
				CLANG_WARN_DIRECT_OBJC_ISA_USAGE = YES_ERROR;
				CLANG_WARN_DOCUMENTATION_COMMENTS = YES;
				CLANG_WARN_EMPTY_BODY = YES;
				CLANG_WARN_ENUM_CONVERSION = YES;
				CLANG_WARN_INFINITE_RECURSION = YES;
				CLANG_WARN_INT_CONVERSION = YES;
				CLANG_WARN_OBJC_ROOT_CLASS = YES_ERROR;
				CLANG_WARN_RANGE_LOOP_ANALYSIS = YES;
				CLANG_WARN_STRICT_PROTOTYPES = YES;
				CLANG_WARN_SUSPICIOUS_MOVE = YES;
				CLANG_WARN_UNGUARDED_AVAILABILITY = YES_AGGRESSIVE;
				CLANG_WARN_UNREACHABLE_CODE = YES;
				CLANG_WARN__DUPLICATE_METHOD_MATCH = YES;
				CODE_SIGN_IDENTITY = "Mac Developer";
				COPY_PHASE_STRIP = NO;
				DEBUG_INFORMATION_FORMAT = dwarf;
				ENABLE_STRICT_OBJC_MSGSEND = YES;
				ENABLE_TESTABILITY = YES;
				GCC_C_LANGUAGE_STANDARD = gnu11;
				GCC_DYNAMIC_NO_PIC = NO;
				GCC_NO_COMMON_BLOCKS = YES;
				GCC_OPTIMIZATION_LEVEL = 0;
				GCC_PREPROCESSOR_DEFINITIONS = (
					"DEBUG=1",
					"$(inherited)",
				);
				GCC_WARN_64_TO_32_BIT_CONVERSION = YES;
				GCC_WARN_ABOUT_RETURN_TYPE = YES_ERROR;
				GCC_WARN_UNDECLARED_SELECTOR = YES;
				GCC_WARN_UNINITIALIZED_AUTOS = YES_AGGRESSIVE;
				GCC_WARN_UNUSED_FUNCTION = YES;
				GCC_WARN_UNUSED_VARIABLE = YES;
				MACOSX_DEPLOYMENT_TARGET = 10.12;
				MTL_ENABLE_DEBUG_INFO = YES;
				ONLY_ACTIVE_ARCH = YES;
				SDKROOT = macosx;
			};
			name = Debug;
		};
		E348F1341F1A6FDF0057D6DA /* Release */ = {
			isa = XCBuildConfiguration;
			buildSettings = {
				ALWAYS_SEARCH_USER_PATHS = NO;
				CLANG_ANALYZER_NONNULL = YES;
				CLANG_ANALYZER_NUMBER_OBJECT_CONVERSION = YES_AGGRESSIVE;
				CLANG_CXX_LANGUAGE_STANDARD = "gnu++14";
				CLANG_CXX_LIBRARY = "libc++";
				CLANG_ENABLE_MODULES = YES;
				CLANG_ENABLE_OBJC_ARC = YES;
				CLANG_WARN_BLOCK_CAPTURE_AUTORELEASING = YES;
				CLANG_WARN_BOOL_CONVERSION = YES;
				CLANG_WARN_COMMA = YES;
				CLANG_WARN_CONSTANT_CONVERSION = YES;
				CLANG_WARN_DIRECT_OBJC_ISA_USAGE = YES_ERROR;
				CLANG_WARN_DOCUMENTATION_COMMENTS = YES;
				CLANG_WARN_EMPTY_BODY = YES;
				CLANG_WARN_ENUM_CONVERSION = YES;
				CLANG_WARN_INFINITE_RECURSION = YES;
				CLANG_WARN_INT_CONVERSION = YES;
				CLANG_WARN_OBJC_ROOT_CLASS = YES_ERROR;
				CLANG_WARN_RANGE_LOOP_ANALYSIS = YES;
				CLANG_WARN_STRICT_PROTOTYPES = YES;
				CLANG_WARN_SUSPICIOUS_MOVE = YES;
				CLANG_WARN_UNGUARDED_AVAILABILITY = YES_AGGRESSIVE;
				CLANG_WARN_UNREACHABLE_CODE = YES;
				CLANG_WARN__DUPLICATE_METHOD_MATCH = YES;
				CODE_SIGN_IDENTITY = "Mac Developer";
				COPY_PHASE_STRIP = NO;
				DEBUG_INFORMATION_FORMAT = "dwarf-with-dsym";
				ENABLE_NS_ASSERTIONS = NO;
				ENABLE_STRICT_OBJC_MSGSEND = YES;
				GCC_C_LANGUAGE_STANDARD = gnu11;
				GCC_NO_COMMON_BLOCKS = YES;
				GCC_WARN_64_TO_32_BIT_CONVERSION = YES;
				GCC_WARN_ABOUT_RETURN_TYPE = YES_ERROR;
				GCC_WARN_UNDECLARED_SELECTOR = YES;
				GCC_WARN_UNINITIALIZED_AUTOS = YES_AGGRESSIVE;
				GCC_WARN_UNUSED_FUNCTION = YES;
				GCC_WARN_UNUSED_VARIABLE = YES;
				MACOSX_DEPLOYMENT_TARGET = 10.12;
				MTL_ENABLE_DEBUG_INFO = NO;
				SDKROOT = macosx;
			};
			name = Release;
		};
		E348F1361F1A6FDF0057D6DA /* Debug */ = {
			isa = XCBuildConfiguration;
			buildSettings = {
				ASSETCATALOG_COMPILER_APPICON_NAME = AppIcon;
				CODE_SIGN_ENTITLEMENTS = WebTools/WebTools.entitlements;
				COMBINE_HIDPI_IMAGES = YES;
				DEVELOPMENT_TEAM = SWP5WTP5JJ;
				INFOPLIST_FILE = WebTools/Info.plist;
				LD_RUNPATH_SEARCH_PATHS = "$(inherited) @executable_path/../Frameworks";
				PRODUCT_BUNDLE_IDENTIFIER = com.dstrokis.WebTools;
				PRODUCT_NAME = "$(TARGET_NAME)";
			};
			name = Debug;
		};
		E348F1371F1A6FDF0057D6DA /* Release */ = {
			isa = XCBuildConfiguration;
			buildSettings = {
				ASSETCATALOG_COMPILER_APPICON_NAME = AppIcon;
				CODE_SIGN_ENTITLEMENTS = WebTools/WebTools.entitlements;
				COMBINE_HIDPI_IMAGES = YES;
				DEVELOPMENT_TEAM = SWP5WTP5JJ;
				INFOPLIST_FILE = WebTools/Info.plist;
				LD_RUNPATH_SEARCH_PATHS = "$(inherited) @executable_path/../Frameworks";
				PRODUCT_BUNDLE_IDENTIFIER = com.dstrokis.WebTools;
				PRODUCT_NAME = "$(TARGET_NAME)";
			};
			name = Release;
		};
		E348F14D1F1A6FF00057D6DA /* Debug */ = {
			isa = XCBuildConfiguration;
			buildSettings = {
				CODE_SIGN_ENTITLEMENTS = "CSS Tools/CSS_Tools.entitlements";
				COMBINE_HIDPI_IMAGES = YES;
				DEVELOPMENT_TEAM = SWP5WTP5JJ;
				INFOPLIST_FILE = "CSS Tools/Info.plist";
				LD_RUNPATH_SEARCH_PATHS = "$(inherited) @executable_path/../Frameworks @executable_path/../../../../Frameworks";
				PRODUCT_BUNDLE_IDENTIFIER = "com.dstrokis.WebTools.CSS-Tools";
				PRODUCT_NAME = "$(TARGET_NAME)";
				SKIP_INSTALL = YES;
			};
			name = Debug;
		};
		E348F14E1F1A6FF00057D6DA /* Release */ = {
			isa = XCBuildConfiguration;
			buildSettings = {
				CODE_SIGN_ENTITLEMENTS = "CSS Tools/CSS_Tools.entitlements";
				COMBINE_HIDPI_IMAGES = YES;
				DEVELOPMENT_TEAM = SWP5WTP5JJ;
				INFOPLIST_FILE = "CSS Tools/Info.plist";
				LD_RUNPATH_SEARCH_PATHS = "$(inherited) @executable_path/../Frameworks @executable_path/../../../../Frameworks";
				PRODUCT_BUNDLE_IDENTIFIER = "com.dstrokis.WebTools.CSS-Tools";
				PRODUCT_NAME = "$(TARGET_NAME)";
				SKIP_INSTALL = YES;
			};
			name = Release;
		};
/* End XCBuildConfiguration section */

/* Begin XCConfigurationList section */
		E33279A41F1A7DFB00CE167A /* Build configuration list for PBXNativeTarget "HTML Tools" */ = {
			isa = XCConfigurationList;
			buildConfigurations = (
				E33279A21F1A7DFB00CE167A /* Debug */,
				E33279A31F1A7DFB00CE167A /* Release */,
			);
			defaultConfigurationIsVisible = 0;
			defaultConfigurationName = Release;
		};
		E33279BD1F1A8E4400CE167A /* Build configuration list for PBXNativeTarget "JS Tools" */ = {
			isa = XCConfigurationList;
			buildConfigurations = (
				E33279BE1F1A8E4400CE167A /* Debug */,
				E33279BF1F1A8E4400CE167A /* Release */,
			);
			defaultConfigurationIsVisible = 0;
			defaultConfigurationName = Release;
		};
		E348F11C1F1A6FDF0057D6DA /* Build configuration list for PBXProject "WebTools" */ = {
			isa = XCConfigurationList;
			buildConfigurations = (
				E348F1331F1A6FDF0057D6DA /* Debug */,
				E348F1341F1A6FDF0057D6DA /* Release */,
			);
			defaultConfigurationIsVisible = 0;
			defaultConfigurationName = Release;
		};
		E348F1351F1A6FDF0057D6DA /* Build configuration list for PBXNativeTarget "WebTools" */ = {
			isa = XCConfigurationList;
			buildConfigurations = (
				E348F1361F1A6FDF0057D6DA /* Debug */,
				E348F1371F1A6FDF0057D6DA /* Release */,
			);
			defaultConfigurationIsVisible = 0;
			defaultConfigurationName = Release;
		};
		E348F14C1F1A6FF00057D6DA /* Build configuration list for PBXNativeTarget "CSS Tools" */ = {
			isa = XCConfigurationList;
			buildConfigurations = (
				E348F14D1F1A6FF00057D6DA /* Debug */,
				E348F14E1F1A6FF00057D6DA /* Release */,
			);
			defaultConfigurationIsVisible = 0;
			defaultConfigurationName = Release;
		};
/* End XCConfigurationList section */
	};
	rootObject = E348F1191F1A6FDF0057D6DA /* Project object */;
}
